
Microsoft Visual Studio Solution File, Format Version 12.00
# Visual Studio Version 17
VisualStudioVersion = 17.0.31903.59
MinimumVisualStudioVersion = 10.0.40219.1
Project("{9A19103F-16F7-4668-BE54-9A1E7A4F7556}") = "OcelotDemo.Api", "OcelotDemo.Api\OcelotDemo.Api.csproj", "{2DC98CF4-8DB5-4EBF-B108-569141A602E6}"
EndProject
Project("{9A19103F-16F7-4668-BE54-9A1E7A4F7556}") = "OcelotDemo.Service", "OcelotDemo.Service\OcelotDemo.Service.csproj", "{8E09B9A6-3078-4822-8F63-E401119AB13E}"
EndProject
Project("{9A19103F-16F7-4668-BE54-9A1E7A4F7556}") = "ApiGateway", "..\AuthenticationDemo\ApiGateway\ApiGateway.csproj", "{49CBCCA7-E6D4-4D89-BB89-0A625066968A}"
EndProject
Project("{9A19103F-16F7-4668-BE54-9A1E7A4F7556}") = "AuthServer", "..\AuthenticationDemo\AuthServer\AuthServer.csproj", "{D8563721-8CA0-48E2-8A9E-2CB12465A062}"
EndProject
Project("{9A19103F-16F7-4668-BE54-9A1E7A4F7556}") = "UserService", "..\AuthenticationDemo\UserService\UserService.csproj", "{9FDE9A28-9B24-4DC1-A3D4-E8E70F079E05}"
EndProject
Global
	GlobalSection(SolutionConfigurationPlatforms) = preSolution
		Debug|Any CPU = Debug|Any CPU
		Release|Any CPU = Release|Any CPU
	EndGlobalSection
	GlobalSection(ProjectConfigurationPlatforms) = postSolution
		{2DC98CF4-8DB5-4EBF-B108-569141A602E6}.Debug|Any CPU.ActiveCfg = Debug|Any CPU
		{2DC98CF4-8DB5-4EBF-B108-569141A602E6}.Debug|Any CPU.Build.0 = Debug|Any CPU
		{2DC98CF4-8DB5-4EBF-B108-569141A602E6}.Release|Any CPU.ActiveCfg = Release|Any CPU
		{2DC98CF4-8DB5-4EBF-B108-569141A602E6}.Release|Any CPU.Build.0 = Release|Any CPU
		{8E09B9A6-3078-4822-8F63-E401119AB13E}.Debug|Any CPU.ActiveCfg = Debug|Any CPU
		{8E09B9A6-3078-4822-8F63-E401119AB13E}.Debug|Any CPU.Build.0 = Debug|Any CPU
		{8E09B9A6-3078-4822-8F63-E401119AB13E}.Release|Any CPU.ActiveCfg = Release|Any CPU
		{8E09B9A6-3078-4822-8F63-E401119AB13E}.Release|Any CPU.Build.0 = Release|Any CPU
		{49CBCCA7-E6D4-4D89-BB89-0A625066968A}.Debug|Any CPU.ActiveCfg = Debug|Any CPU
		{49CBCCA7-E6D4-4D89-BB89-0A625066968A}.Debug|Any CPU.Build.0 = Debug|Any CPU
		{49CBCCA7-E6D4-4D89-BB89-0A625066968A}.Release|Any CPU.ActiveCfg = Release|Any CPU
		{49CBCCA7-E6D4-4D89-BB89-0A625066968A}.Release|Any CPU.Build.0 = Release|Any CPU
		{D8563721-8CA0-48E2-8A9E-2CB12465A062}.Debug|Any CPU.ActiveCfg = Debug|Any CPU
		{D8563721-8CA0-48E2-8A9E-2CB12465A062}.Debug|Any CPU.Build.0 = Debug|Any CPU
		{D8563721-8CA0-48E2-8A9E-2CB12465A062}.Release|Any CPU.ActiveCfg = Release|Any CPU
		{D8563721-8CA0-48E2-8A9E-2CB12465A062}.Release|Any CPU.Build.0 = Release|Any CPU
		{9FDE9A28-9B24-4DC1-A3D4-E8E70F079E05}.Debug|Any CPU.ActiveCfg = Debug|Any CPU
		{9FDE9A28-9B24-4DC1-A3D4-E8E70F079E05}.Debug|Any CPU.Build.0 = Debug|Any CPU
		{9FDE9A28-9B24-4DC1-A3D4-E8E70F079E05}.Release|Any CPU.ActiveCfg = Release|Any CPU
		{9FDE9A28-9B24-4DC1-A3D4-E8E70F079E05}.Release|Any CPU.Build.0 = Release|Any CPU
	EndGlobalSection
	GlobalSection(SolutionProperties) = preSolution
		HideSolutionNode = FALSE
	EndGlobalSection
	GlobalSection(ExtensibilityGlobals) = postSolution
		SolutionGuid = {BB03DB19-1E43-486A-BD7E-4B9782906925}
	EndGlobalSection
EndGlobal
